
Microsoft Visual Studio Solution File, Format Version 12.00
# Visual Studio Version 17
VisualStudioVersion = 17.0.31912.275
MinimumVisualStudioVersion = 10.0.40219.1
Project("{9A19103F-16F7-4668-BE54-9A1E7A4F7556}") = "BOILoanPortal", "BOILoanPortal\BOILoanPortal.csproj", "{2614E15A-722E-40FE-AA77-542D316B68C7}"
EndProject
Project("{9A19103F-16F7-4668-BE54-9A1E7A4F7556}") = "Blazored.Modal", "Blazored.Modal\Blazored.Modal.csproj", "{B7BE196F-3993-40A0-A084-8048CFD5CFB6}"
EndProject
Global
	GlobalSection(SolutionConfigurationPlatforms) = preSolution
		Debug|Any CPU = Debug|Any CPU
		Release|Any CPU = Release|Any CPU
	EndGlobalSection
	GlobalSection(ProjectConfigurationPlatforms) = postSolution
		{2614E15A-722E-40FE-AA77-542D316B68C7}.Debug|Any CPU.ActiveCfg = Debug|Any CPU
		{2614E15A-722E-40FE-AA77-542D316B68C7}.Debug|Any CPU.Build.0 = Debug|Any CPU
		{2614E15A-722E-40FE-AA77-542D316B68C7}.Release|Any CPU.ActiveCfg = Release|Any CPU
		{2614E15A-722E-40FE-AA77-542D316B68C7}.Release|Any CPU.Build.0 = Release|Any CPU
		{B7BE196F-3993-40A0-A084-8048CFD5CFB6}.Debug|Any CPU.ActiveCfg = Debug|Any CPU
		{B7BE196F-3993-40A0-A084-8048CFD5CFB6}.Debug|Any CPU.Build.0 = Debug|Any CPU
		{B7BE196F-3993-40A0-A084-8048CFD5CFB6}.Release|Any CPU.ActiveCfg = Release|Any CPU
		{B7BE196F-3993-40A0-A084-8048CFD5CFB6}.Release|Any CPU.Build.0 = Release|Any CPU
	EndGlobalSection
	GlobalSection(SolutionProperties) = preSolution
		HideSolutionNode = FALSE
	EndGlobalSection
	GlobalSection(ExtensibilityGlobals) = postSolution
		SolutionGuid = {652B40DC-9DEE-43F3-8FB4-37C6015D0C15}
	EndGlobalSection
EndGlobal
